
Microsoft Visual Studio Solution File, Format Version 12.00
# Visual Studio 15
VisualStudioVersion = 15.0.27703.2042
MinimumVisualStudioVersion = 10.0.40219.1
Project("{FAE04EC0-301F-11D3-BF4B-00C04F79EFBC}") = "InventoryManagementSystemApi", "InventoryManagementSystemApi\InventoryManagementSystemApi.csproj", "{F475AD8F-B4C5-4D9B-AAEA-D0CE2BD45333}"
EndProject
Project("{FAE04EC0-301F-11D3-BF4B-00C04F79EFBC}") = "DatabaseAccess", "DatabaseAccess\DatabaseAccess.csproj", "{F019EF3D-EF54-42A4-9581-400E9A06347B}"
EndProject
Global
	GlobalSection(SolutionConfigurationPlatforms) = preSolution
		Debug|Any CPU = Debug|Any CPU
		Release|Any CPU = Release|Any CPU
	EndGlobalSection
	GlobalSection(ProjectConfigurationPlatforms) = postSolution
		{F475AD8F-B4C5-4D9B-AAEA-D0CE2BD45333}.Debug|Any CPU.ActiveCfg = Debug|Any CPU
		{F475AD8F-B4C5-4D9B-AAEA-D0CE2BD45333}.Debug|Any CPU.Build.0 = Debug|Any CPU
		{F475AD8F-B4C5-4D9B-AAEA-D0CE2BD45333}.Release|Any CPU.ActiveCfg = Release|Any CPU
		{F475AD8F-B4C5-4D9B-AAEA-D0CE2BD45333}.Release|Any CPU.Build.0 = Release|Any CPU
		{F019EF3D-EF54-42A4-9581-400E9A06347B}.Debug|Any CPU.ActiveCfg = Debug|Any CPU
		{F019EF3D-EF54-42A4-9581-400E9A06347B}.Debug|Any CPU.Build.0 = Debug|Any CPU
		{F019EF3D-EF54-42A4-9581-400E9A06347B}.Release|Any CPU.ActiveCfg = Release|Any CPU
		{F019EF3D-EF54-42A4-9581-400E9A06347B}.Release|Any CPU.Build.0 = Release|Any CPU
	EndGlobalSection
	GlobalSection(SolutionProperties) = preSolution
		HideSolutionNode = FALSE
	EndGlobalSection
	GlobalSection(ExtensibilityGlobals) = postSolution
		SolutionGuid = {869D5169-A416-4F60-94E3-6BBCBA7C91C7}
	EndGlobalSection
EndGlobal
